
Microsoft Visual Studio Solution File, Format Version 12.00
# Visual Studio 14
VisualStudioVersion = 14.0.25420.1
MinimumVisualStudioVersion = 10.0.40219.1
Project("{FAE04EC0-301F-11D3-BF4B-00C04F79EFBC}") = "WebMConverter", "WebMConverter.csproj", "{6DFD4DB4-C541-4CDE-904D-C32F7BA7F8C5}"
	ProjectSection(ProjectDependencies) = postProject
		{8EA1E414-0956-43DB-BC63-5FA24102F0B2} = {8EA1E414-0956-43DB-BC63-5FA24102F0B2}
	EndProjectSection
EndProject
Project("{FAE04EC0-301F-11D3-BF4B-00C04F79EFBC}") = "Updater", "Updater\Updater.csproj", "{8EA1E414-0956-43DB-BC63-5FA24102F0B2}"
EndProject
Global
	GlobalSection(SolutionConfigurationPlatforms) = preSolution
		Debug|Any CPU = Debug|Any CPU
		Release|Any CPU = Release|Any CPU
	EndGlobalSection
	GlobalSection(ProjectConfigurationPlatforms) = postSolution
		{6DFD4DB4-C541-4CDE-904D-C32F7BA7F8C5}.Debug|Any CPU.ActiveCfg = Debug|Any CPU
		{6DFD4DB4-C541-4CDE-904D-C32F7BA7F8C5}.Debug|Any CPU.Build.0 = Debug|Any CPU
		{6DFD4DB4-C541-4CDE-904D-C32F7BA7F8C5}.Release|Any CPU.ActiveCfg = Release|Any CPU
		{6DFD4DB4-C541-4CDE-904D-C32F7BA7F8C5}.Release|Any CPU.Build.0 = Release|Any CPU
		{8EA1E414-0956-43DB-BC63-5FA24102F0B2}.Debug|Any CPU.ActiveCfg = Debug|Any CPU
		{8EA1E414-0956-43DB-BC63-5FA24102F0B2}.Debug|Any CPU.Build.0 = Debug|Any CPU
		{8EA1E414-0956-43DB-BC63-5FA24102F0B2}.Release|Any CPU.ActiveCfg = Release|Any CPU
		{8EA1E414-0956-43DB-BC63-5FA24102F0B2}.Release|Any CPU.Build.0 = Release|Any CPU
	EndGlobalSection
	GlobalSection(SolutionProperties) = preSolution
		HideSolutionNode = FALSE
	EndGlobalSection
EndGlobal
